
Microsoft Visual Studio Solution File, Format Version 12.00
# Visual Studio Version 16
VisualStudioVersion = 16.0.31205.134
MinimumVisualStudioVersion = 10.0.40219.1
Project("{9A19103F-16F7-4668-BE54-9A1E7A4F7556}") = "PortfolioHeo", "PortfolioHeo.csproj", "{51C0A892-31C0-499F-8704-CC17E9709F86}"
EndProject
Global
	GlobalSection(SolutionConfigurationPlatforms) = preSolution
		Debug|Any CPU = Debug|Any CPU
		Release|Any CPU = Release|Any CPU
	EndGlobalSection
	GlobalSection(ProjectConfigurationPlatforms) = postSolution
		{51C0A892-31C0-499F-8704-CC17E9709F86}.Debug|Any CPU.ActiveCfg = Debug|Any CPU
		{51C0A892-31C0-499F-8704-CC17E9709F86}.Debug|Any CPU.Build.0 = Debug|Any CPU
		{51C0A892-31C0-499F-8704-CC17E9709F86}.Release|Any CPU.ActiveCfg = Release|Any CPU
		{51C0A892-31C0-499F-8704-CC17E9709F86}.Release|Any CPU.Build.0 = Release|Any CPU
	EndGlobalSection
	GlobalSection(SolutionProperties) = preSolution
		HideSolutionNode = FALSE
	EndGlobalSection
	GlobalSection(ExtensibilityGlobals) = postSolution
		SolutionGuid = {C34943B2-CC82-4A57-B1C0-1D44406CA2FF}
	EndGlobalSection
EndGlobal
